
Microsoft Visual Studio Solution File, Format Version 12.00
# Visual Studio Version 17
VisualStudioVersion = 17.11.35312.102
MinimumVisualStudioVersion = 10.0.40219.1
Project("{FAE04EC0-301F-11D3-BF4B-00C04F79EFBC}") = "WinSystem-Info Tool", "WinSystem-Info Tool\WinSystem-Info Tool.csproj", "{B75FD2A3-3B69-4980-ABA3-5F6B1BD6FB1D}"
EndProject
Global
	GlobalSection(SolutionConfigurationPlatforms) = preSolution
		Debug|Any CPU = Debug|Any CPU
		Release|Any CPU = Release|Any CPU
	EndGlobalSection
	GlobalSection(ProjectConfigurationPlatforms) = postSolution
		{B75FD2A3-3B69-4980-ABA3-5F6B1BD6FB1D}.Debug|Any CPU.ActiveCfg = Debug|Any CPU
		{B75FD2A3-3B69-4980-ABA3-5F6B1BD6FB1D}.Debug|Any CPU.Build.0 = Debug|Any CPU
		{B75FD2A3-3B69-4980-ABA3-5F6B1BD6FB1D}.Release|Any CPU.ActiveCfg = Release|Any CPU
		{B75FD2A3-3B69-4980-ABA3-5F6B1BD6FB1D}.Release|Any CPU.Build.0 = Release|Any CPU
	EndGlobalSection
	GlobalSection(SolutionProperties) = preSolution
		HideSolutionNode = FALSE
	EndGlobalSection
	GlobalSection(ExtensibilityGlobals) = postSolution
		SolutionGuid = {AE8F5483-2B46-4190-83D6-E75D9A1D94F1}
	EndGlobalSection
EndGlobal
